
Microsoft Visual Studio Solution File, Format Version 12.00
# Visual Studio 15
VisualStudioVersion = 15.0.28010.2003
MinimumVisualStudioVersion = 10.0.40219.1
Project("{FAE04EC0-301F-11D3-BF4B-00C04F79EFBC}") = "Person_project", "Person\Person_project.csproj", "{0E622A1E-FB59-45D2-85C2-C6562BDD413B}"
EndProject
Project("{FAE04EC0-301F-11D3-BF4B-00C04F79EFBC}") = "Date_project", "Date\Date_project.csproj", "{A825C911-BEC5-4C57-851C-6263B2A970D5}"
EndProject
Project("{FAE04EC0-301F-11D3-BF4B-00C04F79EFBC}") = "HelloYou", "HelloYou\HelloYou.csproj", "{7B3213BE-DAF8-4EE5-A176-2BEF57C65490}"
EndProject
Global
	GlobalSection(SolutionConfigurationPlatforms) = preSolution
		Debug|Any CPU = Debug|Any CPU
		Release|Any CPU = Release|Any CPU
	EndGlobalSection
	GlobalSection(ProjectConfigurationPlatforms) = postSolution
		{0E622A1E-FB59-45D2-85C2-C6562BDD413B}.Debug|Any CPU.ActiveCfg = Debug|Any CPU
		{0E622A1E-FB59-45D2-85C2-C6562BDD413B}.Debug|Any CPU.Build.0 = Debug|Any CPU
		{0E622A1E-FB59-45D2-85C2-C6562BDD413B}.Release|Any CPU.ActiveCfg = Release|Any CPU
		{0E622A1E-FB59-45D2-85C2-C6562BDD413B}.Release|Any CPU.Build.0 = Release|Any CPU
		{A825C911-BEC5-4C57-851C-6263B2A970D5}.Debug|Any CPU.ActiveCfg = Debug|Any CPU
		{A825C911-BEC5-4C57-851C-6263B2A970D5}.Debug|Any CPU.Build.0 = Debug|Any CPU
		{A825C911-BEC5-4C57-851C-6263B2A970D5}.Release|Any CPU.ActiveCfg = Release|Any CPU
		{A825C911-BEC5-4C57-851C-6263B2A970D5}.Release|Any CPU.Build.0 = Release|Any CPU
		{7B3213BE-DAF8-4EE5-A176-2BEF57C65490}.Debug|Any CPU.ActiveCfg = Debug|Any CPU
		{7B3213BE-DAF8-4EE5-A176-2BEF57C65490}.Debug|Any CPU.Build.0 = Debug|Any CPU
		{7B3213BE-DAF8-4EE5-A176-2BEF57C65490}.Release|Any CPU.ActiveCfg = Release|Any CPU
		{7B3213BE-DAF8-4EE5-A176-2BEF57C65490}.Release|Any CPU.Build.0 = Release|Any CPU
	EndGlobalSection
	GlobalSection(SolutionProperties) = preSolution
		HideSolutionNode = FALSE
	EndGlobalSection
	GlobalSection(ExtensibilityGlobals) = postSolution
		SolutionGuid = {74187B54-785A-4F6C-96EB-5C3138D2519F}
	EndGlobalSection
EndGlobal
